
Microsoft Visual Studio Solution File, Format Version 12.00
# Visual Studio Version 16
VisualStudioVersion = 16.0.810.2
MinimumVisualStudioVersion = 10.0.40219.1
Project("{FAE04EC0-301F-11D3-BF4B-00C04F79EFBC}") = "RazorExample", "RazorExample\RazorExample.csproj", "{7C00D691-14D4-4B42-91E1-724BA7F270A3}"
EndProject
Global
	GlobalSection(SolutionConfigurationPlatforms) = preSolution
		Debug|Any CPU = Debug|Any CPU
		Release|Any CPU = Release|Any CPU
	EndGlobalSection
	GlobalSection(ProjectConfigurationPlatforms) = postSolution
		{7C00D691-14D4-4B42-91E1-724BA7F270A3}.Debug|Any CPU.ActiveCfg = Debug|Any CPU
		{7C00D691-14D4-4B42-91E1-724BA7F270A3}.Debug|Any CPU.Build.0 = Debug|Any CPU
		{7C00D691-14D4-4B42-91E1-724BA7F270A3}.Release|Any CPU.ActiveCfg = Release|Any CPU
		{7C00D691-14D4-4B42-91E1-724BA7F270A3}.Release|Any CPU.Build.0 = Release|Any CPU
	EndGlobalSection
	GlobalSection(SolutionProperties) = preSolution
		HideSolutionNode = FALSE
	EndGlobalSection
	GlobalSection(ExtensibilityGlobals) = postSolution
		SolutionGuid = {0EC26819-A615-4EC2-AEF3-71E168FE2FBB}
	EndGlobalSection
EndGlobal
